
Microsoft Visual Studio Solution File, Format Version 12.00
# Visual Studio Version 16
VisualStudioVersion = 16.0.31702.278
MinimumVisualStudioVersion = 10.0.40219.1
Project("{FAE04EC0-301F-11D3-BF4B-00C04F79EFBC}") = "AgenciaBancaria.Dominio", "AgenciaBancaria.Dominio\AgenciaBancaria.Dominio.csproj", "{6C097BE6-3498-43C6-990D-DE5D5E9FEFF9}"
EndProject
Project("{FAE04EC0-301F-11D3-BF4B-00C04F79EFBC}") = "AgenciaBancaria.App", "AgenciaBancaria.App\AgenciaBancaria.App.csproj", "{04E6C4AA-020C-4BF3-8727-1B6245A34837}"
EndProject
Global
	GlobalSection(SolutionConfigurationPlatforms) = preSolution
		Debug|Any CPU = Debug|Any CPU
		Release|Any CPU = Release|Any CPU
	EndGlobalSection
	GlobalSection(ProjectConfigurationPlatforms) = postSolution
		{6C097BE6-3498-43C6-990D-DE5D5E9FEFF9}.Debug|Any CPU.ActiveCfg = Debug|Any CPU
		{6C097BE6-3498-43C6-990D-DE5D5E9FEFF9}.Debug|Any CPU.Build.0 = Debug|Any CPU
		{6C097BE6-3498-43C6-990D-DE5D5E9FEFF9}.Release|Any CPU.ActiveCfg = Release|Any CPU
		{6C097BE6-3498-43C6-990D-DE5D5E9FEFF9}.Release|Any CPU.Build.0 = Release|Any CPU
		{04E6C4AA-020C-4BF3-8727-1B6245A34837}.Debug|Any CPU.ActiveCfg = Debug|Any CPU
		{04E6C4AA-020C-4BF3-8727-1B6245A34837}.Debug|Any CPU.Build.0 = Debug|Any CPU
		{04E6C4AA-020C-4BF3-8727-1B6245A34837}.Release|Any CPU.ActiveCfg = Release|Any CPU
		{04E6C4AA-020C-4BF3-8727-1B6245A34837}.Release|Any CPU.Build.0 = Release|Any CPU
	EndGlobalSection
	GlobalSection(SolutionProperties) = preSolution
		HideSolutionNode = FALSE
	EndGlobalSection
	GlobalSection(ExtensibilityGlobals) = postSolution
		SolutionGuid = {B4C5479B-E5DC-41DA-8375-C6B5FBE41BFC}
	EndGlobalSection
EndGlobal
